// !$*UTF8*$!
{
	archiveVersion = 1;
	classes = {
	};
	objectVersion = 56;
	objects = {

/* Begin PBXBuildFile section */
		BA4F78B92CD46A85004915C7 /* RecipeApp.swift in Sources */ = {isa = PBXBuildFile; fileRef = BA4F78B82CD46A85004915C7 /* RecipeApp.swift */; };
		BA4F78BB2CD46A85004915C7 /* RecipeListView.swift in Sources */ = {isa = PBXBuildFile; fileRef = BA4F78BA2CD46A85004915C7 /* RecipeListView.swift */; };
		BA4F78BD2CD46A85004915C7 /* Assets.xcassets in Resources */ = {isa = PBXBuildFile; fileRef = BA4F78BC2CD46A85004915C7 /* Assets.xcassets */; };
		BA4F78C02CD46A85004915C7 /* Preview Assets.xcassets in Resources */ = {isa = PBXBuildFile; fileRef = BA4F78BF2CD46A85004915C7 /* Preview Assets.xcassets */; };
		BA4F78D42CD46A86004915C7 /* RecipeAppUITests.swift in Sources */ = {isa = PBXBuildFile; fileRef = BA4F78D32CD46A86004915C7 /* RecipeAppUITests.swift */; };
		BA4F78D62CD46A86004915C7 /* RecipeAppUITestsLaunchTests.swift in Sources */ = {isa = PBXBuildFile; fileRef = BA4F78D52CD46A86004915C7 /* RecipeAppUITestsLaunchTests.swift */; };
		BA4F78E92CD46A9A004915C7 /* CachedAsyncImage.swift in Sources */ = {isa = PBXBuildFile; fileRef = BA4F78E22CD46A9A004915C7 /* CachedAsyncImage.swift */; };
		BA4F78EA2CD46A9A004915C7 /* CachedImageDataService.swift in Sources */ = {isa = PBXBuildFile; fileRef = BA4F78E32CD46A9A004915C7 /* CachedImageDataService.swift */; };
		BA4F78EB2CD46A9A004915C7 /* FileStorageService.swift in Sources */ = {isa = PBXBuildFile; fileRef = BA4F78E42CD46A9A004915C7 /* FileStorageService.swift */; };
		BA4F78EC2CD46A9A004915C7 /* InMemoryCacheService.swift in Sources */ = {isa = PBXBuildFile; fileRef = BA4F78E52CD46A9A004915C7 /* InMemoryCacheService.swift */; };
		BA4F78ED2CD46A9A004915C7 /* RecipeModel.swift in Sources */ = {isa = PBXBuildFile; fileRef = BA4F78E62CD46A9A004915C7 /* RecipeModel.swift */; };
		BA4F78EE2CD46A9A004915C7 /* NetworkService.swift in Sources */ = {isa = PBXBuildFile; fileRef = BA4F78E72CD46A9A004915C7 /* NetworkService.swift */; };
		BA4F78F32CD46AB1004915C7 /* InMemoryCacheServiceTests.swift in Sources */ = {isa = PBXBuildFile; fileRef = BA4F78EF2CD46AB0004915C7 /* InMemoryCacheServiceTests.swift */; };
		BA4F78F42CD46AB1004915C7 /* CachedImageDataServiceTests.swift in Sources */ = {isa = PBXBuildFile; fileRef = BA4F78F02CD46AB0004915C7 /* CachedImageDataServiceTests.swift */; };
		BA4F78F52CD46AB1004915C7 /* NetworkServiceTests.swift in Sources */ = {isa = PBXBuildFile; fileRef = BA4F78F12CD46AB0004915C7 /* NetworkServiceTests.swift */; };
		BA4F78F62CD46AB1004915C7 /* FileStorageServiceTests.swift in Sources */ = {isa = PBXBuildFile; fileRef = BA4F78F22CD46AB1004915C7 /* FileStorageServiceTests.swift */; };
		BA4F78F82CD46E04004915C7 /* RecipeListViewModel.swift in Sources */ = {isa = PBXBuildFile; fileRef = BA4F78F72CD46E04004915C7 /* RecipeListViewModel.swift */; };
		BAB6480C2CD7D829005F7AA0 /* RecipeListViewModelTests.swift in Sources */ = {isa = PBXBuildFile; fileRef = BAB6480B2CD7D829005F7AA0 /* RecipeListViewModelTests.swift */; };
		BAB6480F2CD7F2AD005F7AA0 /* View+Extensions.swift in Sources */ = {isa = PBXBuildFile; fileRef = BAB6480E2CD7F2AD005F7AA0 /* View+Extensions.swift */; };
		BAB648112CD7F2C8005F7AA0 /* DeviceRotationViewModifier.swift in Sources */ = {isa = PBXBuildFile; fileRef = BAB648102CD7F2C8005F7AA0 /* DeviceRotationViewModifier.swift */; };
		BAB648142CD7F3F7005F7AA0 /* XCTestCase+Extensions.swift in Sources */ = {isa = PBXBuildFile; fileRef = BAB648132CD7F3F7005F7AA0 /* XCTestCase+Extensions.swift */; };
/* End PBXBuildFile section */

/* Begin PBXContainerItemProxy section */
		BA4F78C62CD46A86004915C7 /* PBXContainerItemProxy */ = {
			isa = PBXContainerItemProxy;
			containerPortal = BA4F78AD2CD46A84004915C7 /* Project object */;
			proxyType = 1;
			remoteGlobalIDString = BA4F78B42CD46A85004915C7;
			remoteInfo = RecipeApp;
		};
		BA4F78D02CD46A86004915C7 /* PBXContainerItemProxy */ = {
			isa = PBXContainerItemProxy;
			containerPortal = BA4F78AD2CD46A84004915C7 /* Project object */;
			proxyType = 1;
			remoteGlobalIDString = BA4F78B42CD46A85004915C7;
			remoteInfo = RecipeApp;
		};
/* End PBXContainerItemProxy section */

/* Begin PBXFileReference section */
		BA4F78B52CD46A85004915C7 /* RecipeApp.app */ = {isa = PBXFileReference; explicitFileType = wrapper.application; includeInIndex = 0; path = RecipeApp.app; sourceTree = BUILT_PRODUCTS_DIR; };
		BA4F78B82CD46A85004915C7 /* RecipeApp.swift */ = {isa = PBXFileReference; lastKnownFileType = sourcecode.swift; path = RecipeApp.swift; sourceTree = "<group>"; };
		BA4F78BA2CD46A85004915C7 /* RecipeListView.swift */ = {isa = PBXFileReference; lastKnownFileType = sourcecode.swift; path = RecipeListView.swift; sourceTree = "<group>"; };
		BA4F78BC2CD46A85004915C7 /* Assets.xcassets */ = {isa = PBXFileReference; lastKnownFileType = folder.assetcatalog; path = Assets.xcassets; sourceTree = "<group>"; };
		BA4F78BF2CD46A85004915C7 /* Preview Assets.xcassets */ = {isa = PBXFileReference; lastKnownFileType = folder.assetcatalog; path = "Preview Assets.xcassets"; sourceTree = "<group>"; };
		BA4F78C52CD46A86004915C7 /* RecipeAppTests.xctest */ = {isa = PBXFileReference; explicitFileType = wrapper.cfbundle; includeInIndex = 0; path = RecipeAppTests.xctest; sourceTree = BUILT_PRODUCTS_DIR; };
		BA4F78CF2CD46A86004915C7 /* RecipeAppUITests.xctest */ = {isa = PBXFileReference; explicitFileType = wrapper.cfbundle; includeInIndex = 0; path = RecipeAppUITests.xctest; sourceTree = BUILT_PRODUCTS_DIR; };
		BA4F78D32CD46A86004915C7 /* RecipeAppUITests.swift */ = {isa = PBXFileReference; lastKnownFileType = sourcecode.swift; path = RecipeAppUITests.swift; sourceTree = "<group>"; };
		BA4F78D52CD46A86004915C7 /* RecipeAppUITestsLaunchTests.swift */ = {isa = PBXFileReference; lastKnownFileType = sourcecode.swift; path = RecipeAppUITestsLaunchTests.swift; sourceTree = "<group>"; };
		BA4F78E22CD46A9A004915C7 /* CachedAsyncImage.swift */ = {isa = PBXFileReference; fileEncoding = 4; lastKnownFileType = sourcecode.swift; path = CachedAsyncImage.swift; sourceTree = "<group>"; };
		BA4F78E32CD46A9A004915C7 /* CachedImageDataService.swift */ = {isa = PBXFileReference; fileEncoding = 4; lastKnownFileType = sourcecode.swift; path = CachedImageDataService.swift; sourceTree = "<group>"; };
		BA4F78E42CD46A9A004915C7 /* FileStorageService.swift */ = {isa = PBXFileReference; fileEncoding = 4; lastKnownFileType = sourcecode.swift; path = FileStorageService.swift; sourceTree = "<group>"; };
		BA4F78E52CD46A9A004915C7 /* InMemoryCacheService.swift */ = {isa = PBXFileReference; fileEncoding = 4; lastKnownFileType = sourcecode.swift; path = InMemoryCacheService.swift; sourceTree = "<group>"; };
		BA4F78E62CD46A9A004915C7 /* RecipeModel.swift */ = {isa = PBXFileReference; fileEncoding = 4; lastKnownFileType = sourcecode.swift; path = RecipeModel.swift; sourceTree = "<group>"; };
		BA4F78E72CD46A9A004915C7 /* NetworkService.swift */ = {isa = PBXFileReference; fileEncoding = 4; lastKnownFileType = sourcecode.swift; path = NetworkService.swift; sourceTree = "<group>"; };
		BA4F78EF2CD46AB0004915C7 /* InMemoryCacheServiceTests.swift */ = {isa = PBXFileReference; fileEncoding = 4; lastKnownFileType = sourcecode.swift; path = InMemoryCacheServiceTests.swift; sourceTree = "<group>"; };
		BA4F78F02CD46AB0004915C7 /* CachedImageDataServiceTests.swift */ = {isa = PBXFileReference; fileEncoding = 4; lastKnownFileType = sourcecode.swift; path = CachedImageDataServiceTests.swift; sourceTree = "<group>"; };
		BA4F78F12CD46AB0004915C7 /* NetworkServiceTests.swift */ = {isa = PBXFileReference; fileEncoding = 4; lastKnownFileType = sourcecode.swift; path = NetworkServiceTests.swift; sourceTree = "<group>"; };
		BA4F78F22CD46AB1004915C7 /* FileStorageServiceTests.swift */ = {isa = PBXFileReference; fileEncoding = 4; lastKnownFileType = sourcecode.swift; path = FileStorageServiceTests.swift; sourceTree = "<group>"; };
		BA4F78F72CD46E04004915C7 /* RecipeListViewModel.swift */ = {isa = PBXFileReference; lastKnownFileType = sourcecode.swift; path = RecipeListViewModel.swift; sourceTree = "<group>"; };
		BAB6480B2CD7D829005F7AA0 /* RecipeListViewModelTests.swift */ = {isa = PBXFileReference; lastKnownFileType = sourcecode.swift; path = RecipeListViewModelTests.swift; sourceTree = "<group>"; };
		BAB6480E2CD7F2AD005F7AA0 /* View+Extensions.swift */ = {isa = PBXFileReference; lastKnownFileType = sourcecode.swift; path = "View+Extensions.swift"; sourceTree = "<group>"; };
		BAB648102CD7F2C8005F7AA0 /* DeviceRotationViewModifier.swift */ = {isa = PBXFileReference; lastKnownFileType = sourcecode.swift; path = DeviceRotationViewModifier.swift; sourceTree = "<group>"; };
		BAB648132CD7F3F7005F7AA0 /* XCTestCase+Extensions.swift */ = {isa = PBXFileReference; lastKnownFileType = sourcecode.swift; path = "XCTestCase+Extensions.swift"; sourceTree = "<group>"; };
/* End PBXFileReference section */

/* Begin PBXFrameworksBuildPhase section */
		BA4F78B22CD46A85004915C7 /* Frameworks */ = {
			isa = PBXFrameworksBuildPhase;
			buildActionMask = 2147483647;
			files = (
			);
			runOnlyForDeploymentPostprocessing = 0;
		};
		BA4F78C22CD46A86004915C7 /* Frameworks */ = {
			isa = PBXFrameworksBuildPhase;
			buildActionMask = 2147483647;
			files = (
			);
			runOnlyForDeploymentPostprocessing = 0;
		};
		BA4F78CC2CD46A86004915C7 /* Frameworks */ = {
			isa = PBXFrameworksBuildPhase;
			buildActionMask = 2147483647;
			files = (
			);
			runOnlyForDeploymentPostprocessing = 0;
		};
/* End PBXFrameworksBuildPhase section */

/* Begin PBXGroup section */
		BA4F78AC2CD46A84004915C7 = {
			isa = PBXGroup;
			children = (
				BA4F78B72CD46A85004915C7 /* RecipeApp */,
				BA4F78C82CD46A86004915C7 /* RecipeAppTests */,
				BA4F78D22CD46A86004915C7 /* RecipeAppUITests */,
				BA4F78B62CD46A85004915C7 /* Products */,
			);
			sourceTree = "<group>";
		};
		BA4F78B62CD46A85004915C7 /* Products */ = {
			isa = PBXGroup;
			children = (
				BA4F78B52CD46A85004915C7 /* RecipeApp.app */,
				BA4F78C52CD46A86004915C7 /* RecipeAppTests.xctest */,
				BA4F78CF2CD46A86004915C7 /* RecipeAppUITests.xctest */,
			);
			name = Products;
			sourceTree = "<group>";
		};
		BA4F78B72CD46A85004915C7 /* RecipeApp */ = {
			isa = PBXGroup;
			children = (
				BA4F78B82CD46A85004915C7 /* RecipeApp.swift */,
				BA4F78BA2CD46A85004915C7 /* RecipeListView.swift */,
				BA4F78F72CD46E04004915C7 /* RecipeListViewModel.swift */,
				BA4F78E62CD46A9A004915C7 /* RecipeModel.swift */,
				BAB6480D2CD7F29F005F7AA0 /* Helpers */,
				BA4F78E82CD46A9A004915C7 /* Cache */,
				BA4F78BC2CD46A85004915C7 /* Assets.xcassets */,
				BA4F78BE2CD46A85004915C7 /* Preview Content */,
			);
			path = RecipeApp;
			sourceTree = "<group>";
		};
		BA4F78BE2CD46A85004915C7 /* Preview Content */ = {
			isa = PBXGroup;
			children = (
				BA4F78BF2CD46A85004915C7 /* Preview Assets.xcassets */,
			);
			path = "Preview Content";
			sourceTree = "<group>";
		};
		BA4F78C82CD46A86004915C7 /* RecipeAppTests */ = {
			isa = PBXGroup;
			children = (
				BA4F78F02CD46AB0004915C7 /* CachedImageDataServiceTests.swift */,
				BAB6480B2CD7D829005F7AA0 /* RecipeListViewModelTests.swift */,
				BA4F78F22CD46AB1004915C7 /* FileStorageServiceTests.swift */,
				BA4F78EF2CD46AB0004915C7 /* InMemoryCacheServiceTests.swift */,
				BA4F78F12CD46AB0004915C7 /* NetworkServiceTests.swift */,
				BAB648122CD7F3E8005F7AA0 /* Extensions */,
			);
			path = RecipeAppTests;
			sourceTree = "<group>";
		};
		BA4F78D22CD46A86004915C7 /* RecipeAppUITests */ = {
			isa = PBXGroup;
			children = (
				BA4F78D32CD46A86004915C7 /* RecipeAppUITests.swift */,
				BA4F78D52CD46A86004915C7 /* RecipeAppUITestsLaunchTests.swift */,
			);
			path = RecipeAppUITests;
			sourceTree = "<group>";
		};
		BA4F78E82CD46A9A004915C7 /* Cache */ = {
			isa = PBXGroup;
			children = (
				BA4F78E22CD46A9A004915C7 /* CachedAsyncImage.swift */,
				BA4F78E32CD46A9A004915C7 /* CachedImageDataService.swift */,
				BA4F78E42CD46A9A004915C7 /* FileStorageService.swift */,
				BA4F78E52CD46A9A004915C7 /* InMemoryCacheService.swift */,
				BA4F78E72CD46A9A004915C7 /* NetworkService.swift */,
			);
			path = Cache;
			sourceTree = "<group>";
		};
		BAB6480D2CD7F29F005F7AA0 /* Helpers */ = {
			isa = PBXGroup;
			children = (
				BAB6480E2CD7F2AD005F7AA0 /* View+Extensions.swift */,
				BAB648102CD7F2C8005F7AA0 /* DeviceRotationViewModifier.swift */,
			);
			path = Helpers;
			sourceTree = "<group>";
		};
		BAB648122CD7F3E8005F7AA0 /* Extensions */ = {
			isa = PBXGroup;
			children = (
				BAB648132CD7F3F7005F7AA0 /* XCTestCase+Extensions.swift */,
			);
			path = Extensions;
			sourceTree = "<group>";
		};
/* End PBXGroup section */

/* Begin PBXNativeTarget section */
		BA4F78B42CD46A85004915C7 /* RecipeApp */ = {
			isa = PBXNativeTarget;
			buildConfigurationList = BA4F78D92CD46A86004915C7 /* Build configuration list for PBXNativeTarget "RecipeApp" */;
			buildPhases = (
				BA4F78B12CD46A85004915C7 /* Sources */,
				BA4F78B22CD46A85004915C7 /* Frameworks */,
				BA4F78B32CD46A85004915C7 /* Resources */,
			);
			buildRules = (
			);
			dependencies = (
			);
			name = RecipeApp;
			productName = RecipeApp;
			productReference = BA4F78B52CD46A85004915C7 /* RecipeApp.app */;
			productType = "com.apple.product-type.application";
		};
		BA4F78C42CD46A86004915C7 /* RecipeAppTests */ = {
			isa = PBXNativeTarget;
			buildConfigurationList = BA4F78DC2CD46A86004915C7 /* Build configuration list for PBXNativeTarget "RecipeAppTests" */;
			buildPhases = (
				BA4F78C12CD46A86004915C7 /* Sources */,
				BA4F78C22CD46A86004915C7 /* Frameworks */,
				BA4F78C32CD46A86004915C7 /* Resources */,
			);
			buildRules = (
			);
			dependencies = (
				BA4F78C72CD46A86004915C7 /* PBXTargetDependency */,
			);
			name = RecipeAppTests;
			productName = RecipeAppTests;
			productReference = BA4F78C52CD46A86004915C7 /* RecipeAppTests.xctest */;
			productType = "com.apple.product-type.bundle.unit-test";
		};
		BA4F78CE2CD46A86004915C7 /* RecipeAppUITests */ = {
			isa = PBXNativeTarget;
			buildConfigurationList = BA4F78DF2CD46A86004915C7 /* Build configuration list for PBXNativeTarget "RecipeAppUITests" */;
			buildPhases = (
				BA4F78CB2CD46A86004915C7 /* Sources */,
				BA4F78CC2CD46A86004915C7 /* Frameworks */,
				BA4F78CD2CD46A86004915C7 /* Resources */,
			);
			buildRules = (
			);
			dependencies = (
				BA4F78D12CD46A86004915C7 /* PBXTargetDependency */,
			);
			name = RecipeAppUITests;
			productName = RecipeAppUITests;
			productReference = BA4F78CF2CD46A86004915C7 /* RecipeAppUITests.xctest */;
			productType = "com.apple.product-type.bundle.ui-testing";
		};
/* End PBXNativeTarget section */

/* Begin PBXProject section */
		BA4F78AD2CD46A84004915C7 /* Project object */ = {
			isa = PBXProject;
			attributes = {
				BuildIndependentTargetsInParallel = 1;
				LastSwiftUpdateCheck = 1540;
				LastUpgradeCheck = 1540;
				TargetAttributes = {
					BA4F78B42CD46A85004915C7 = {
						CreatedOnToolsVersion = 15.4;
					};
					BA4F78C42CD46A86004915C7 = {
						CreatedOnToolsVersion = 15.4;
						TestTargetID = BA4F78B42CD46A85004915C7;
					};
					BA4F78CE2CD46A86004915C7 = {
						CreatedOnToolsVersion = 15.4;
						TestTargetID = BA4F78B42CD46A85004915C7;
					};
				};
			};
			buildConfigurationList = BA4F78B02CD46A84004915C7 /* Build configuration list for PBXProject "RecipeApp" */;
			compatibilityVersion = "Xcode 14.0";
			developmentRegion = en;
			hasScannedForEncodings = 0;
			knownRegions = (
				en,
				Base,
			);
			mainGroup = BA4F78AC2CD46A84004915C7;
			productRefGroup = BA4F78B62CD46A85004915C7 /* Products */;
			projectDirPath = "";
			projectRoot = "";
			targets = (
				BA4F78B42CD46A85004915C7 /* RecipeApp */,
				BA4F78C42CD46A86004915C7 /* RecipeAppTests */,
				BA4F78CE2CD46A86004915C7 /* RecipeAppUITests */,
			);
		};
/* End PBXProject section */

/* Begin PBXResourcesBuildPhase section */
		BA4F78B32CD46A85004915C7 /* Resources */ = {
			isa = PBXResourcesBuildPhase;
			buildActionMask = 2147483647;
			files = (
				BA4F78C02CD46A85004915C7 /* Preview Assets.xcassets in Resources */,
				BA4F78BD2CD46A85004915C7 /* Assets.xcassets in Resources */,
			);
			runOnlyForDeploymentPostprocessing = 0;
		};
		BA4F78C32CD46A86004915C7 /* Resources */ = {
			isa = PBXResourcesBuildPhase;
			buildActionMask = 2147483647;
			files = (
			);
			runOnlyForDeploymentPostprocessing = 0;
		};
		BA4F78CD2CD46A86004915C7 /* Resources */ = {
			isa = PBXResourcesBuildPhase;
			buildActionMask = 2147483647;
			files = (
			);
			runOnlyForDeploymentPostprocessing = 0;
		};
/* End PBXResourcesBuildPhase section */

/* Begin PBXSourcesBuildPhase section */
		BA4F78B12CD46A85004915C7 /* Sources */ = {
			isa = PBXSourcesBuildPhase;
			buildActionMask = 2147483647;
			files = (
				BA4F78ED2CD46A9A004915C7 /* RecipeModel.swift in Sources */,
				BA4F78BB2CD46A85004915C7 /* RecipeListView.swift in Sources */,
				BAB648112CD7F2C8005F7AA0 /* DeviceRotationViewModifier.swift in Sources */,
				BA4F78EE2CD46A9A004915C7 /* NetworkService.swift in Sources */,
				BA4F78EA2CD46A9A004915C7 /* CachedImageDataService.swift in Sources */,
				BA4F78EC2CD46A9A004915C7 /* InMemoryCacheService.swift in Sources */,
				BA4F78E92CD46A9A004915C7 /* CachedAsyncImage.swift in Sources */,
				BA4F78B92CD46A85004915C7 /* RecipeApp.swift in Sources */,
				BA4F78EB2CD46A9A004915C7 /* FileStorageService.swift in Sources */,
				BAB6480F2CD7F2AD005F7AA0 /* View+Extensions.swift in Sources */,
				BA4F78F82CD46E04004915C7 /* RecipeListViewModel.swift in Sources */,
			);
			runOnlyForDeploymentPostprocessing = 0;
		};
		BA4F78C12CD46A86004915C7 /* Sources */ = {
			isa = PBXSourcesBuildPhase;
			buildActionMask = 2147483647;
			files = (
				BA4F78F32CD46AB1004915C7 /* InMemoryCacheServiceTests.swift in Sources */,
				BA4F78F62CD46AB1004915C7 /* FileStorageServiceTests.swift in Sources */,
				BA4F78F52CD46AB1004915C7 /* NetworkServiceTests.swift in Sources */,
				BAB6480C2CD7D829005F7AA0 /* RecipeListViewModelTests.swift in Sources */,
				BAB648142CD7F3F7005F7AA0 /* XCTestCase+Extensions.swift in Sources */,
				BA4F78F42CD46AB1004915C7 /* CachedImageDataServiceTests.swift in Sources */,
			);
			runOnlyForDeploymentPostprocessing = 0;
		};
		BA4F78CB2CD46A86004915C7 /* Sources */ = {
			isa = PBXSourcesBuildPhase;
			buildActionMask = 2147483647;
			files = (
				BA4F78D62CD46A86004915C7 /* RecipeAppUITestsLaunchTests.swift in Sources */,
				BA4F78D42CD46A86004915C7 /* RecipeAppUITests.swift in Sources */,
			);
			runOnlyForDeploymentPostprocessing = 0;
		};
/* End PBXSourcesBuildPhase section */

/* Begin PBXTargetDependency section */
		BA4F78C72CD46A86004915C7 /* PBXTargetDependency */ = {
			isa = PBXTargetDependency;
			target = BA4F78B42CD46A85004915C7 /* RecipeApp */;
			targetProxy = BA4F78C62CD46A86004915C7 /* PBXContainerItemProxy */;
		};
		BA4F78D12CD46A86004915C7 /* PBXTargetDependency */ = {
			isa = PBXTargetDependency;
			target = BA4F78B42CD46A85004915C7 /* RecipeApp */;
			targetProxy = BA4F78D02CD46A86004915C7 /* PBXContainerItemProxy */;
		};
/* End PBXTargetDependency section */

/* Begin XCBuildConfiguration section */
		BA4F78D72CD46A86004915C7 /* Debug */ = {
			isa = XCBuildConfiguration;
			buildSettings = {
				ALWAYS_SEARCH_USER_PATHS = NO;
				ASSETCATALOG_COMPILER_GENERATE_SWIFT_ASSET_SYMBOL_EXTENSIONS = YES;
				CLANG_ANALYZER_NONNULL = YES;
				CLANG_ANALYZER_NUMBER_OBJECT_CONVERSION = YES_AGGRESSIVE;
				CLANG_CXX_LANGUAGE_STANDARD = "gnu++20";
				CLANG_ENABLE_MODULES = YES;
				CLANG_ENABLE_OBJC_ARC = YES;
				CLANG_ENABLE_OBJC_WEAK = YES;
				CLANG_WARN_BLOCK_CAPTURE_AUTORELEASING = YES;
				CLANG_WARN_BOOL_CONVERSION = YES;
				CLANG_WARN_COMMA = YES;
				CLANG_WARN_CONSTANT_CONVERSION = YES;
				CLANG_WARN_DEPRECATED_OBJC_IMPLEMENTATIONS = YES;
				CLANG_WARN_DIRECT_OBJC_ISA_USAGE = YES_ERROR;
				CLANG_WARN_DOCUMENTATION_COMMENTS = YES;
				CLANG_WARN_EMPTY_BODY = YES;
				CLANG_WARN_ENUM_CONVERSION = YES;
				CLANG_WARN_INFINITE_RECURSION = YES;
				CLANG_WARN_INT_CONVERSION = YES;
				CLANG_WARN_NON_LITERAL_NULL_CONVERSION = YES;
				CLANG_WARN_OBJC_IMPLICIT_RETAIN_SELF = YES;
				CLANG_WARN_OBJC_LITERAL_CONVERSION = YES;
				CLANG_WARN_OBJC_ROOT_CLASS = YES_ERROR;
				CLANG_WARN_QUOTED_INCLUDE_IN_FRAMEWORK_HEADER = YES;
				CLANG_WARN_RANGE_LOOP_ANALYSIS = YES;
				CLANG_WARN_STRICT_PROTOTYPES = YES;
				CLANG_WARN_SUSPICIOUS_MOVE = YES;
				CLANG_WARN_UNGUARDED_AVAILABILITY = YES_AGGRESSIVE;
				CLANG_WARN_UNREACHABLE_CODE = YES;
				CLANG_WARN__DUPLICATE_METHOD_MATCH = YES;
				COPY_PHASE_STRIP = NO;
				DEBUG_INFORMATION_FORMAT = dwarf;
				ENABLE_STRICT_OBJC_MSGSEND = YES;
				ENABLE_TESTABILITY = YES;
				ENABLE_USER_SCRIPT_SANDBOXING = YES;
				GCC_C_LANGUAGE_STANDARD = gnu17;
				GCC_DYNAMIC_NO_PIC = NO;
				GCC_NO_COMMON_BLOCKS = YES;
				GCC_OPTIMIZATION_LEVEL = 0;
				GCC_PREPROCESSOR_DEFINITIONS = (
					"DEBUG=1",
					"$(inherited)",
				);
				GCC_WARN_64_TO_32_BIT_CONVERSION = YES;
				GCC_WARN_ABOUT_RETURN_TYPE = YES_ERROR;
				GCC_WARN_UNDECLARED_SELECTOR = YES;
				GCC_WARN_UNINITIALIZED_AUTOS = YES_AGGRESSIVE;
				GCC_WARN_UNUSED_FUNCTION = YES;
				GCC_WARN_UNUSED_VARIABLE = YES;
				IPHONEOS_DEPLOYMENT_TARGET = 17.5;
				LOCALIZATION_PREFERS_STRING_CATALOGS = YES;
				MTL_ENABLE_DEBUG_INFO = INCLUDE_SOURCE;
				MTL_FAST_MATH = YES;
				ONLY_ACTIVE_ARCH = YES;
				SDKROOT = iphoneos;
				SWIFT_ACTIVE_COMPILATION_CONDITIONS = "DEBUG $(inherited)";
				SWIFT_OPTIMIZATION_LEVEL = "-Onone";
			};
			name = Debug;
		};
		BA4F78D82CD46A86004915C7 /* Release */ = {
			isa = XCBuildConfiguration;
			buildSettings = {
				ALWAYS_SEARCH_USER_PATHS = NO;
				ASSETCATALOG_COMPILER_GENERATE_SWIFT_ASSET_SYMBOL_EXTENSIONS = YES;
				CLANG_ANALYZER_NONNULL = YES;
				CLANG_ANALYZER_NUMBER_OBJECT_CONVERSION = YES_AGGRESSIVE;
				CLANG_CXX_LANGUAGE_STANDARD = "gnu++20";
				CLANG_ENABLE_MODULES = YES;
				CLANG_ENABLE_OBJC_ARC = YES;
				CLANG_ENABLE_OBJC_WEAK = YES;
				CLANG_WARN_BLOCK_CAPTURE_AUTORELEASING = YES;
				CLANG_WARN_BOOL_CONVERSION = YES;
				CLANG_WARN_COMMA = YES;
				CLANG_WARN_CONSTANT_CONVERSION = YES;
				CLANG_WARN_DEPRECATED_OBJC_IMPLEMENTATIONS = YES;
				CLANG_WARN_DIRECT_OBJC_ISA_USAGE = YES_ERROR;
				CLANG_WARN_DOCUMENTATION_COMMENTS = YES;
				CLANG_WARN_EMPTY_BODY = YES;
				CLANG_WARN_ENUM_CONVERSION = YES;
				CLANG_WARN_INFINITE_RECURSION = YES;
				CLANG_WARN_INT_CONVERSION = YES;
				CLANG_WARN_NON_LITERAL_NULL_CONVERSION = YES;
				CLANG_WARN_OBJC_IMPLICIT_RETAIN_SELF = YES;
				CLANG_WARN_OBJC_LITERAL_CONVERSION = YES;
				CLANG_WARN_OBJC_ROOT_CLASS = YES_ERROR;
				CLANG_WARN_QUOTED_INCLUDE_IN_FRAMEWORK_HEADER = YES;
				CLANG_WARN_RANGE_LOOP_ANALYSIS = YES;
				CLANG_WARN_STRICT_PROTOTYPES = YES;
				CLANG_WARN_SUSPICIOUS_MOVE = YES;
				CLANG_WARN_UNGUARDED_AVAILABILITY = YES_AGGRESSIVE;
				CLANG_WARN_UNREACHABLE_CODE = YES;
				CLANG_WARN__DUPLICATE_METHOD_MATCH = YES;
				COPY_PHASE_STRIP = NO;
				DEBUG_INFORMATION_FORMAT = "dwarf-with-dsym";
				ENABLE_NS_ASSERTIONS = NO;
				ENABLE_STRICT_OBJC_MSGSEND = YES;
				ENABLE_USER_SCRIPT_SANDBOXING = YES;
				GCC_C_LANGUAGE_STANDARD = gnu17;
				GCC_NO_COMMON_BLOCKS = YES;
				GCC_WARN_64_TO_32_BIT_CONVERSION = YES;
				GCC_WARN_ABOUT_RETURN_TYPE = YES_ERROR;
				GCC_WARN_UNDECLARED_SELECTOR = YES;
				GCC_WARN_UNINITIALIZED_AUTOS = YES_AGGRESSIVE;
				GCC_WARN_UNUSED_FUNCTION = YES;
				GCC_WARN_UNUSED_VARIABLE = YES;
				IPHONEOS_DEPLOYMENT_TARGET = 17.5;
				LOCALIZATION_PREFERS_STRING_CATALOGS = YES;
				MTL_ENABLE_DEBUG_INFO = NO;
				MTL_FAST_MATH = YES;
				SDKROOT = iphoneos;
				SWIFT_COMPILATION_MODE = wholemodule;
				VALIDATE_PRODUCT = YES;
			};
			name = Release;
		};
		BA4F78DA2CD46A86004915C7 /* Debug */ = {
			isa = XCBuildConfiguration;
			buildSettings = {
				ASSETCATALOG_COMPILER_APPICON_NAME = AppIcon;
				ASSETCATALOG_COMPILER_GLOBAL_ACCENT_COLOR_NAME = AccentColor;
				CODE_SIGN_STYLE = Automatic;
				CURRENT_PROJECT_VERSION = 1;
				DEVELOPMENT_ASSET_PATHS = "\"RecipeApp/Preview Content\"";
				DEVELOPMENT_TEAM = AN8H79QZL4;
				ENABLE_PREVIEWS = YES;
				GENERATE_INFOPLIST_FILE = YES;
				INFOPLIST_KEY_UIApplicationSceneManifest_Generation = YES;
				INFOPLIST_KEY_UIApplicationSupportsIndirectInputEvents = YES;
				INFOPLIST_KEY_UILaunchScreen_Generation = YES;
				INFOPLIST_KEY_UISupportedInterfaceOrientations_iPad = "UIInterfaceOrientationPortrait UIInterfaceOrientationPortraitUpsideDown UIInterfaceOrientationLandscapeLeft UIInterfaceOrientationLandscapeRight";
				INFOPLIST_KEY_UISupportedInterfaceOrientations_iPhone = "UIInterfaceOrientationPortrait UIInterfaceOrientationLandscapeLeft UIInterfaceOrientationLandscapeRight";
				LD_RUNPATH_SEARCH_PATHS = (
					"$(inherited)",
					"@executable_path/Frameworks",
				);
				MARKETING_VERSION = 1.0;
				PRODUCT_BUNDLE_IDENTIFIER = com.matveycodes.RecipeApp;
				PRODUCT_NAME = "$(TARGET_NAME)";
				SWIFT_EMIT_LOC_STRINGS = YES;
				SWIFT_VERSION = 5.0;
				TARGETED_DEVICE_FAMILY = "1,2";
			};
			name = Debug;
		};
		BA4F78DB2CD46A86004915C7 /* Release */ = {
			isa = XCBuildConfiguration;
			buildSettings = {
				ASSETCATALOG_COMPILER_APPICON_NAME = AppIcon;
				ASSETCATALOG_COMPILER_GLOBAL_ACCENT_COLOR_NAME = AccentColor;
				CODE_SIGN_STYLE = Automatic;
				CURRENT_PROJECT_VERSION = 1;
				DEVELOPMENT_ASSET_PATHS = "\"RecipeApp/Preview Content\"";
				DEVELOPMENT_TEAM = AN8H79QZL4;
				ENABLE_PREVIEWS = YES;
				GENERATE_INFOPLIST_FILE = YES;
				INFOPLIST_KEY_UIApplicationSceneManifest_Generation = YES;
				INFOPLIST_KEY_UIApplicationSupportsIndirectInputEvents = YES;
				INFOPLIST_KEY_UILaunchScreen_Generation = YES;
				INFOPLIST_KEY_UISupportedInterfaceOrientations_iPad = "UIInterfaceOrientationPortrait UIInterfaceOrientationPortraitUpsideDown UIInterfaceOrientationLandscapeLeft UIInterfaceOrientationLandscapeRight";
				INFOPLIST_KEY_UISupportedInterfaceOrientations_iPhone = "UIInterfaceOrientationPortrait UIInterfaceOrientationLandscapeLeft UIInterfaceOrientationLandscapeRight";
				LD_RUNPATH_SEARCH_PATHS = (
					"$(inherited)",
					"@executable_path/Frameworks",
				);
				MARKETING_VERSION = 1.0;
				PRODUCT_BUNDLE_IDENTIFIER = com.matveycodes.RecipeApp;
				PRODUCT_NAME = "$(TARGET_NAME)";
				SWIFT_EMIT_LOC_STRINGS = YES;
				SWIFT_VERSION = 5.0;
				TARGETED_DEVICE_FAMILY = "1,2";
			};
			name = Release;
		};
		BA4F78DD2CD46A86004915C7 /* Debug */ = {
			isa = XCBuildConfiguration;
			buildSettings = {
				ALWAYS_EMBED_SWIFT_STANDARD_LIBRARIES = YES;
				BUNDLE_LOADER = "$(TEST_HOST)";
				CODE_SIGN_STYLE = Automatic;
				CURRENT_PROJECT_VERSION = 1;
				DEVELOPMENT_TEAM = AN8H79QZL4;
				GENERATE_INFOPLIST_FILE = YES;
				IPHONEOS_DEPLOYMENT_TARGET = 17.5;
				MARKETING_VERSION = 1.0;
				PRODUCT_BUNDLE_IDENTIFIER = com.matveycodes.RecipeAppTests;
				PRODUCT_NAME = "$(TARGET_NAME)";
				SWIFT_EMIT_LOC_STRINGS = NO;
				SWIFT_VERSION = 5.0;
				TARGETED_DEVICE_FAMILY = "1,2";
				TEST_HOST = "$(BUILT_PRODUCTS_DIR)/RecipeApp.app/$(BUNDLE_EXECUTABLE_FOLDER_PATH)/RecipeApp";
			};
			name = Debug;
		};
		BA4F78DE2CD46A86004915C7 /* Release */ = {
			isa = XCBuildConfiguration;
			buildSettings = {
				ALWAYS_EMBED_SWIFT_STANDARD_LIBRARIES = YES;
				BUNDLE_LOADER = "$(TEST_HOST)";
				CODE_SIGN_STYLE = Automatic;
				CURRENT_PROJECT_VERSION = 1;
				DEVELOPMENT_TEAM = AN8H79QZL4;
				GENERATE_INFOPLIST_FILE = YES;
				IPHONEOS_DEPLOYMENT_TARGET = 17.5;
				MARKETING_VERSION = 1.0;
				PRODUCT_BUNDLE_IDENTIFIER = com.matveycodes.RecipeAppTests;
				PRODUCT_NAME = "$(TARGET_NAME)";
				SWIFT_EMIT_LOC_STRINGS = NO;
				SWIFT_VERSION = 5.0;
				TARGETED_DEVICE_FAMILY = "1,2";
				TEST_HOST = "$(BUILT_PRODUCTS_DIR)/RecipeApp.app/$(BUNDLE_EXECUTABLE_FOLDER_PATH)/RecipeApp";
			};
			name = Release;
		};
		BA4F78E02CD46A86004915C7 /* Debug */ = {
			isa = XCBuildConfiguration;
			buildSettings = {
				ALWAYS_EMBED_SWIFT_STANDARD_LIBRARIES = YES;
				CODE_SIGN_STYLE = Automatic;
				CURRENT_PROJECT_VERSION = 1;
				DEVELOPMENT_TEAM = AN8H79QZL4;
				GENERATE_INFOPLIST_FILE = YES;
				MARKETING_VERSION = 1.0;
				PRODUCT_BUNDLE_IDENTIFIER = com.matveycodes.RecipeAppUITests;
				PRODUCT_NAME = "$(TARGET_NAME)";
				SWIFT_EMIT_LOC_STRINGS = NO;
				SWIFT_VERSION = 5.0;
				TARGETED_DEVICE_FAMILY = "1,2";
				TEST_TARGET_NAME = RecipeApp;
			};
			name = Debug;
		};
		BA4F78E12CD46A86004915C7 /* Release */ = {
			isa = XCBuildConfiguration;
			buildSettings = {
				ALWAYS_EMBED_SWIFT_STANDARD_LIBRARIES = YES;
				CODE_SIGN_STYLE = Automatic;
				CURRENT_PROJECT_VERSION = 1;
				DEVELOPMENT_TEAM = AN8H79QZL4;
				GENERATE_INFOPLIST_FILE = YES;
				MARKETING_VERSION = 1.0;
				PRODUCT_BUNDLE_IDENTIFIER = com.matveycodes.RecipeAppUITests;
				PRODUCT_NAME = "$(TARGET_NAME)";
				SWIFT_EMIT_LOC_STRINGS = NO;
				SWIFT_VERSION = 5.0;
				TARGETED_DEVICE_FAMILY = "1,2";
				TEST_TARGET_NAME = RecipeApp;
			};
			name = Release;
		};
/* End XCBuildConfiguration section */

/* Begin XCConfigurationList section */
		BA4F78B02CD46A84004915C7 /* Build configuration list for PBXProject "RecipeApp" */ = {
			isa = XCConfigurationList;
			buildConfigurations = (
				BA4F78D72CD46A86004915C7 /* Debug */,
				BA4F78D82CD46A86004915C7 /* Release */,
			);
			defaultConfigurationIsVisible = 0;
			defaultConfigurationName = Release;
		};
		BA4F78D92CD46A86004915C7 /* Build configuration list for PBXNativeTarget "RecipeApp" */ = {
			isa = XCConfigurationList;
			buildConfigurations = (
				BA4F78DA2CD46A86004915C7 /* Debug */,
				BA4F78DB2CD46A86004915C7 /* Release */,
			);
			defaultConfigurationIsVisible = 0;
			defaultConfigurationName = Release;
		};
		BA4F78DC2CD46A86004915C7 /* Build configuration list for PBXNativeTarget "RecipeAppTests" */ = {
			isa = XCConfigurationList;
			buildConfigurations = (
				BA4F78DD2CD46A86004915C7 /* Debug */,
				BA4F78DE2CD46A86004915C7 /* Release */,
			);
			defaultConfigurationIsVisible = 0;
			defaultConfigurationName = Release;
		};
		BA4F78DF2CD46A86004915C7 /* Build configuration list for PBXNativeTarget "RecipeAppUITests" */ = {
			isa = XCConfigurationList;
			buildConfigurations = (
				BA4F78E02CD46A86004915C7 /* Debug */,
				BA4F78E12CD46A86004915C7 /* Release */,
			);
			defaultConfigurationIsVisible = 0;
			defaultConfigurationName = Release;
		};
/* End XCConfigurationList section */
	};
	rootObject = BA4F78AD2CD46A84004915C7 /* Project object */;
}
